
Microsoft Visual Studio Solution File, Format Version 12.00
# Visual Studio Version 17
VisualStudioVersion = 17.14.36623.8 d17.14
MinimumVisualStudioVersion = 10.0.40219.1
Project("{888888A0-9F3D-457C-B088-3A5042F75D52}") = "NL2SQLDemoforCSVFiles", "NL2SQLDemoforCSVFiles.pyproj", "{27BE834E-4130-495C-8838-03A8A26DE579}"
EndProject
Global
	GlobalSection(SolutionConfigurationPlatforms) = preSolution
		Debug|Any CPU = Debug|Any CPU
		Release|Any CPU = Release|Any CPU
	EndGlobalSection
	GlobalSection(ProjectConfigurationPlatforms) = postSolution
		{27BE834E-4130-495C-8838-03A8A26DE579}.Debug|Any CPU.ActiveCfg = Debug|Any CPU
		{27BE834E-4130-495C-8838-03A8A26DE579}.Release|Any CPU.ActiveCfg = Release|Any CPU
	EndGlobalSection
	GlobalSection(SolutionProperties) = preSolution
		HideSolutionNode = FALSE
	EndGlobalSection
	GlobalSection(ExtensibilityGlobals) = postSolution
		SolutionGuid = {ABA05176-9FC7-428F-82DE-A39900CD5CA0}
	EndGlobalSection
EndGlobal
